# THIS IS AN AUTOGENERATED FILE. DO NOT EDIT THIS FILE DIRECTLY.
# yarn lockfile v1


create-expo-app@^3.4.2:
  version "3.4.2"
  resolved "https://registry.yarnpkg.com/create-expo-app/-/create-expo-app-3.4.2.tgz#03fb8ae4f0181e458de926a0f996c4904e031d51"
  integrity sha512-1NboGZh63VE47f0JfnIff1GfSzMi32I+sRZ7vNbRBurNvmumEgVjyUSHIfGWW0otxJUb2eWqEE5ThadlBpsIVw==
